
Microsoft Visual Studio Solution File, Format Version 12.00
# Visual Studio Version 17
VisualStudioVersion = 17.11.0.0
MinimumVisualStudioVersion = 10.0.40219.1
Project("{2150E333-8FDC-42A3-9474-1A3956D46DE8}") = "src", "src", "{96801465-6509-47B0-8117-6C4DFEAA876F}"
EndProject
Project("{2150E333-8FDC-42A3-9474-1A3956D46DE8}") = "tests", "tests", "{BAACCC35-846C-4DA1-8D2D-960F987D1EE6}"
EndProject
Project("{2150E333-8FDC-42A3-9474-1A3956D46DE8}") = "Solution Items", "Solution Items", "{1F8D2C45-7E3A-4B19-9C0D-2A6E5F1B3C77}"
	ProjectSection(SolutionItems) = preProject
		Directory.Build.props = Directory.Build.props
		Directory.Packages.props = Directory.Packages.props
		global.json = global.json
		README.md = README.md
		.editorconfig = .editorconfig
	EndProjectSection
EndProject
Project("{9A19103F-16F7-4668-BE54-9A1E7A4F7556}") = "WireHQ.Domain", "src\WireHQ.Domain\WireHQ.Domain.csproj", "{10A3B118-AE3E-45FF-BAD5-7AE49B3C1263}"
EndProject
Project("{9A19103F-16F7-4668-BE54-9A1E7A4F7556}") = "WireHQ.Application", "src\WireHQ.Application\WireHQ.Application.csproj", "{20061480-DDBA-447B-9994-64281C477D58}"
EndProject
Project("{9A19103F-16F7-4668-BE54-9A1E7A4F7556}") = "WireHQ.Infrastructure", "src\WireHQ.Infrastructure\WireHQ.Infrastructure.csproj", "{32525904-36A1-4A37-AD73-95CDE5932C7B}"
EndProject
Project("{9A19103F-16F7-4668-BE54-9A1E7A4F7556}") = "WireHQ.Identity", "src\WireHQ.Identity\WireHQ.Identity.csproj", "{F740992C-14EC-43AB-A02E-1AB78A932839}"
EndProject
Project("{9A19103F-16F7-4668-BE54-9A1E7A4F7556}") = "WireHQ.Api", "src\WireHQ.Api\WireHQ.Api.csproj", "{AC9F0D1A-AE6A-47B0-AF7A-0C20824CD0C8}"
EndProject
Project("{9A19103F-16F7-4668-BE54-9A1E7A4F7556}") = "WireHQ.Shared", "src\WireHQ.Shared\WireHQ.Shared.csproj", "{6749ED63-837A-4D31-B22E-AFF972B901EC}"
EndProject
Project("{9A19103F-16F7-4668-BE54-9A1E7A4F7556}") = "WireHQ.Modules.Abstractions", "src\WireHQ.Modules\WireHQ.Modules.Abstractions\WireHQ.Modules.Abstractions.csproj", "{4F665121-A7D9-4AF2-AF48-3C633BA285F6}"
EndProject
Project("{9A19103F-16F7-4668-BE54-9A1E7A4F7556}") = "WireHQ.Domain.UnitTests", "tests\WireHQ.Domain.UnitTests\WireHQ.Domain.UnitTests.csproj", "{DEFC0BF9-C284-4C47-8C54-CE017C8189EB}"
EndProject
Project("{9A19103F-16F7-4668-BE54-9A1E7A4F7556}") = "WireHQ.Application.UnitTests", "tests\WireHQ.Application.UnitTests\WireHQ.Application.UnitTests.csproj", "{B1E16EFF-6A56-4831-A32E-CE3A3662CD84}"
EndProject
Project("{9A19103F-16F7-4668-BE54-9A1E7A4F7556}") = "WireHQ.Api.IntegrationTests", "tests\WireHQ.Api.IntegrationTests\WireHQ.Api.IntegrationTests.csproj", "{EE3413B1-48CB-4D47-A470-4DA7C8DFAC1F}"
EndProject
Project("{FAE04EC0-301F-11D3-BF4B-00C04F79EFBC}") = "WireHQ.Orchestration.UnitTests", "tests\WireHQ.Orchestration.UnitTests\WireHQ.Orchestration.UnitTests.csproj", "{BEB663AE-3606-4D94-AC74-2957B458E7D1}"
EndProject
Project("{FAE04EC0-301F-11D3-BF4B-00C04F79EFBC}") = "WireHQ.Licensing", "src\WireHQ.Licensing\WireHQ.Licensing.csproj", "{5898E6B5-86C2-46E3-A03F-AB01B29CDE0D}"
EndProject
Project("{FAE04EC0-301F-11D3-BF4B-00C04F79EFBC}") = "WireHQ.Licensing.UnitTests", "tests\WireHQ.Licensing.UnitTests\WireHQ.Licensing.UnitTests.csproj", "{CCC60988-C14B-4DAC-BB5E-0500EA85BBFF}"
EndProject
Global
	GlobalSection(SolutionConfigurationPlatforms) = preSolution
		Debug|Any CPU = Debug|Any CPU
		Debug|x64 = Debug|x64
		Debug|x86 = Debug|x86
		Release|Any CPU = Release|Any CPU
		Release|x64 = Release|x64
		Release|x86 = Release|x86
	EndGlobalSection
	GlobalSection(ProjectConfigurationPlatforms) = postSolution
		{10A3B118-AE3E-45FF-BAD5-7AE49B3C1263}.Debug|Any CPU.ActiveCfg = Debug|Any CPU
		{10A3B118-AE3E-45FF-BAD5-7AE49B3C1263}.Debug|Any CPU.Build.0 = Debug|Any CPU
		{10A3B118-AE3E-45FF-BAD5-7AE49B3C1263}.Debug|x64.ActiveCfg = Debug|Any CPU
		{10A3B118-AE3E-45FF-BAD5-7AE49B3C1263}.Debug|x64.Build.0 = Debug|Any CPU
		{10A3B118-AE3E-45FF-BAD5-7AE49B3C1263}.Debug|x86.ActiveCfg = Debug|Any CPU
		{10A3B118-AE3E-45FF-BAD5-7AE49B3C1263}.Debug|x86.Build.0 = Debug|Any CPU
		{10A3B118-AE3E-45FF-BAD5-7AE49B3C1263}.Release|Any CPU.ActiveCfg = Release|Any CPU
		{10A3B118-AE3E-45FF-BAD5-7AE49B3C1263}.Release|Any CPU.Build.0 = Release|Any CPU
		{10A3B118-AE3E-45FF-BAD5-7AE49B3C1263}.Release|x64.ActiveCfg = Release|Any CPU
		{10A3B118-AE3E-45FF-BAD5-7AE49B3C1263}.Release|x64.Build.0 = Release|Any CPU
		{10A3B118-AE3E-45FF-BAD5-7AE49B3C1263}.Release|x86.ActiveCfg = Release|Any CPU
		{10A3B118-AE3E-45FF-BAD5-7AE49B3C1263}.Release|x86.Build.0 = Release|Any CPU
		{20061480-DDBA-447B-9994-64281C477D58}.Debug|Any CPU.ActiveCfg = Debug|Any CPU
		{20061480-DDBA-447B-9994-64281C477D58}.Debug|Any CPU.Build.0 = Debug|Any CPU
		{20061480-DDBA-447B-9994-64281C477D58}.Debug|x64.ActiveCfg = Debug|Any CPU
		{20061480-DDBA-447B-9994-64281C477D58}.Debug|x64.Build.0 = Debug|Any CPU
		{20061480-DDBA-447B-9994-64281C477D58}.Debug|x86.ActiveCfg = Debug|Any CPU
		{20061480-DDBA-447B-9994-64281C477D58}.Debug|x86.Build.0 = Debug|Any CPU
		{20061480-DDBA-447B-9994-64281C477D58}.Release|Any CPU.ActiveCfg = Release|Any CPU
		{20061480-DDBA-447B-9994-64281C477D58}.Release|Any CPU.Build.0 = Release|Any CPU
		{20061480-DDBA-447B-9994-64281C477D58}.Release|x64.ActiveCfg = Release|Any CPU
		{20061480-DDBA-447B-9994-64281C477D58}.Release|x64.Build.0 = Release|Any CPU
		{20061480-DDBA-447B-9994-64281C477D58}.Release|x86.ActiveCfg = Release|Any CPU
		{20061480-DDBA-447B-9994-64281C477D58}.Release|x86.Build.0 = Release|Any CPU
		{32525904-36A1-4A37-AD73-95CDE5932C7B}.Debug|Any CPU.ActiveCfg = Debug|Any CPU
		{32525904-36A1-4A37-AD73-95CDE5932C7B}.Debug|Any CPU.Build.0 = Debug|Any CPU
		{32525904-36A1-4A37-AD73-95CDE5932C7B}.Debug|x64.ActiveCfg = Debug|Any CPU
		{32525904-36A1-4A37-AD73-95CDE5932C7B}.Debug|x64.Build.0 = Debug|Any CPU
		{32525904-36A1-4A37-AD73-95CDE5932C7B}.Debug|x86.ActiveCfg = Debug|Any CPU
		{32525904-36A1-4A37-AD73-95CDE5932C7B}.Debug|x86.Build.0 = Debug|Any CPU
		{32525904-36A1-4A37-AD73-95CDE5932C7B}.Release|Any CPU.ActiveCfg = Release|Any CPU
		{32525904-36A1-4A37-AD73-95CDE5932C7B}.Release|Any CPU.Build.0 = Release|Any CPU
		{32525904-36A1-4A37-AD73-95CDE5932C7B}.Release|x64.ActiveCfg = Release|Any CPU
		{32525904-36A1-4A37-AD73-95CDE5932C7B}.Release|x64.Build.0 = Release|Any CPU
		{32525904-36A1-4A37-AD73-95CDE5932C7B}.Release|x86.ActiveCfg = Release|Any CPU
		{32525904-36A1-4A37-AD73-95CDE5932C7B}.Release|x86.Build.0 = Release|Any CPU
		{F740992C-14EC-43AB-A02E-1AB78A932839}.Debug|Any CPU.ActiveCfg = Debug|Any CPU
		{F740992C-14EC-43AB-A02E-1AB78A932839}.Debug|Any CPU.Build.0 = Debug|Any CPU
		{F740992C-14EC-43AB-A02E-1AB78A932839}.Debug|x64.ActiveCfg = Debug|Any CPU
		{F740992C-14EC-43AB-A02E-1AB78A932839}.Debug|x64.Build.0 = Debug|Any CPU
		{F740992C-14EC-43AB-A02E-1AB78A932839}.Debug|x86.ActiveCfg = Debug|Any CPU
		{F740992C-14EC-43AB-A02E-1AB78A932839}.Debug|x86.Build.0 = Debug|Any CPU
		{F740992C-14EC-43AB-A02E-1AB78A932839}.Release|Any CPU.ActiveCfg = Release|Any CPU
		{F740992C-14EC-43AB-A02E-1AB78A932839}.Release|Any CPU.Build.0 = Release|Any CPU
		{F740992C-14EC-43AB-A02E-1AB78A932839}.Release|x64.ActiveCfg = Release|Any CPU
		{F740992C-14EC-43AB-A02E-1AB78A932839}.Release|x64.Build.0 = Release|Any CPU
		{F740992C-14EC-43AB-A02E-1AB78A932839}.Release|x86.ActiveCfg = Release|Any CPU
		{F740992C-14EC-43AB-A02E-1AB78A932839}.Release|x86.Build.0 = Release|Any CPU
		{AC9F0D1A-AE6A-47B0-AF7A-0C20824CD0C8}.Debug|Any CPU.ActiveCfg = Debug|Any CPU
		{AC9F0D1A-AE6A-47B0-AF7A-0C20824CD0C8}.Debug|Any CPU.Build.0 = Debug|Any CPU
		{AC9F0D1A-AE6A-47B0-AF7A-0C20824CD0C8}.Debug|x64.ActiveCfg = Debug|Any CPU
		{AC9F0D1A-AE6A-47B0-AF7A-0C20824CD0C8}.Debug|x64.Build.0 = Debug|Any CPU
		{AC9F0D1A-AE6A-47B0-AF7A-0C20824CD0C8}.Debug|x86.ActiveCfg = Debug|Any CPU
		{AC9F0D1A-AE6A-47B0-AF7A-0C20824CD0C8}.Debug|x86.Build.0 = Debug|Any CPU
		{AC9F0D1A-AE6A-47B0-AF7A-0C20824CD0C8}.Release|Any CPU.ActiveCfg = Release|Any CPU
		{AC9F0D1A-AE6A-47B0-AF7A-0C20824CD0C8}.Release|Any CPU.Build.0 = Release|Any CPU
		{AC9F0D1A-AE6A-47B0-AF7A-0C20824CD0C8}.Release|x64.ActiveCfg = Release|Any CPU
		{AC9F0D1A-AE6A-47B0-AF7A-0C20824CD0C8}.Release|x64.Build.0 = Release|Any CPU
		{AC9F0D1A-AE6A-47B0-AF7A-0C20824CD0C8}.Release|x86.ActiveCfg = Release|Any CPU
		{AC9F0D1A-AE6A-47B0-AF7A-0C20824CD0C8}.Release|x86.Build.0 = Release|Any CPU
		{6749ED63-837A-4D31-B22E-AFF972B901EC}.Debug|Any CPU.ActiveCfg = Debug|Any CPU
		{6749ED63-837A-4D31-B22E-AFF972B901EC}.Debug|Any CPU.Build.0 = Debug|Any CPU
		{6749ED63-837A-4D31-B22E-AFF972B901EC}.Debug|x64.ActiveCfg = Debug|Any CPU
		{6749ED63-837A-4D31-B22E-AFF972B901EC}.Debug|x64.Build.0 = Debug|Any CPU
		{6749ED63-837A-4D31-B22E-AFF972B901EC}.Debug|x86.ActiveCfg = Debug|Any CPU
		{6749ED63-837A-4D31-B22E-AFF972B901EC}.Debug|x86.Build.0 = Debug|Any CPU
		{6749ED63-837A-4D31-B22E-AFF972B901EC}.Release|Any CPU.ActiveCfg = Release|Any CPU
		{6749ED63-837A-4D31-B22E-AFF972B901EC}.Release|Any CPU.Build.0 = Release|Any CPU
		{6749ED63-837A-4D31-B22E-AFF972B901EC}.Release|x64.ActiveCfg = Release|Any CPU
		{6749ED63-837A-4D31-B22E-AFF972B901EC}.Release|x64.Build.0 = Release|Any CPU
		{6749ED63-837A-4D31-B22E-AFF972B901EC}.Release|x86.ActiveCfg = Release|Any CPU
		{6749ED63-837A-4D31-B22E-AFF972B901EC}.Release|x86.Build.0 = Release|Any CPU
		{4F665121-A7D9-4AF2-AF48-3C633BA285F6}.Debug|Any CPU.ActiveCfg = Debug|Any CPU
		{4F665121-A7D9-4AF2-AF48-3C633BA285F6}.Debug|Any CPU.Build.0 = Debug|Any CPU
		{4F665121-A7D9-4AF2-AF48-3C633BA285F6}.Debug|x64.ActiveCfg = Debug|Any CPU
		{4F665121-A7D9-4AF2-AF48-3C633BA285F6}.Debug|x64.Build.0 = Debug|Any CPU
		{4F665121-A7D9-4AF2-AF48-3C633BA285F6}.Debug|x86.ActiveCfg = Debug|Any CPU
		{4F665121-A7D9-4AF2-AF48-3C633BA285F6}.Debug|x86.Build.0 = Debug|Any CPU
		{4F665121-A7D9-4AF2-AF48-3C633BA285F6}.Release|Any CPU.ActiveCfg = Release|Any CPU
		{4F665121-A7D9-4AF2-AF48-3C633BA285F6}.Release|Any CPU.Build.0 = Release|Any CPU
		{4F665121-A7D9-4AF2-AF48-3C633BA285F6}.Release|x64.ActiveCfg = Release|Any CPU
		{4F665121-A7D9-4AF2-AF48-3C633BA285F6}.Release|x64.Build.0 = Release|Any CPU
		{4F665121-A7D9-4AF2-AF48-3C633BA285F6}.Release|x86.ActiveCfg = Release|Any CPU
		{4F665121-A7D9-4AF2-AF48-3C633BA285F6}.Release|x86.Build.0 = Release|Any CPU
		{DEFC0BF9-C284-4C47-8C54-CE017C8189EB}.Debug|Any CPU.ActiveCfg = Debug|Any CPU
		{DEFC0BF9-C284-4C47-8C54-CE017C8189EB}.Debug|Any CPU.Build.0 = Debug|Any CPU
		{DEFC0BF9-C284-4C47-8C54-CE017C8189EB}.Debug|x64.ActiveCfg = Debug|Any CPU
		{DEFC0BF9-C284-4C47-8C54-CE017C8189EB}.Debug|x64.Build.0 = Debug|Any CPU
		{DEFC0BF9-C284-4C47-8C54-CE017C8189EB}.Debug|x86.ActiveCfg = Debug|Any CPU
		{DEFC0BF9-C284-4C47-8C54-CE017C8189EB}.Debug|x86.Build.0 = Debug|Any CPU
		{DEFC0BF9-C284-4C47-8C54-CE017C8189EB}.Release|Any CPU.ActiveCfg = Release|Any CPU
		{DEFC0BF9-C284-4C47-8C54-CE017C8189EB}.Release|Any CPU.Build.0 = Release|Any CPU
		{DEFC0BF9-C284-4C47-8C54-CE017C8189EB}.Release|x64.ActiveCfg = Release|Any CPU
		{DEFC0BF9-C284-4C47-8C54-CE017C8189EB}.Release|x64.Build.0 = Release|Any CPU
		{DEFC0BF9-C284-4C47-8C54-CE017C8189EB}.Release|x86.ActiveCfg = Release|Any CPU
		{DEFC0BF9-C284-4C47-8C54-CE017C8189EB}.Release|x86.Build.0 = Release|Any CPU
		{B1E16EFF-6A56-4831-A32E-CE3A3662CD84}.Debug|Any CPU.ActiveCfg = Debug|Any CPU
		{B1E16EFF-6A56-4831-A32E-CE3A3662CD84}.Debug|Any CPU.Build.0 = Debug|Any CPU
		{B1E16EFF-6A56-4831-A32E-CE3A3662CD84}.Debug|x64.ActiveCfg = Debug|Any CPU
		{B1E16EFF-6A56-4831-A32E-CE3A3662CD84}.Debug|x64.Build.0 = Debug|Any CPU
		{B1E16EFF-6A56-4831-A32E-CE3A3662CD84}.Debug|x86.ActiveCfg = Debug|Any CPU
		{B1E16EFF-6A56-4831-A32E-CE3A3662CD84}.Debug|x86.Build.0 = Debug|Any CPU
		{B1E16EFF-6A56-4831-A32E-CE3A3662CD84}.Release|Any CPU.ActiveCfg = Release|Any CPU
		{B1E16EFF-6A56-4831-A32E-CE3A3662CD84}.Release|Any CPU.Build.0 = Release|Any CPU
		{B1E16EFF-6A56-4831-A32E-CE3A3662CD84}.Release|x64.ActiveCfg = Release|Any CPU
		{B1E16EFF-6A56-4831-A32E-CE3A3662CD84}.Release|x64.Build.0 = Release|Any CPU
		{B1E16EFF-6A56-4831-A32E-CE3A3662CD84}.Release|x86.ActiveCfg = Release|Any CPU
		{B1E16EFF-6A56-4831-A32E-CE3A3662CD84}.Release|x86.Build.0 = Release|Any CPU
		{EE3413B1-48CB-4D47-A470-4DA7C8DFAC1F}.Debug|Any CPU.ActiveCfg = Debug|Any CPU
		{EE3413B1-48CB-4D47-A470-4DA7C8DFAC1F}.Debug|Any CPU.Build.0 = Debug|Any CPU
		{EE3413B1-48CB-4D47-A470-4DA7C8DFAC1F}.Debug|x64.ActiveCfg = Debug|Any CPU
		{EE3413B1-48CB-4D47-A470-4DA7C8DFAC1F}.Debug|x64.Build.0 = Debug|Any CPU
		{EE3413B1-48CB-4D47-A470-4DA7C8DFAC1F}.Debug|x86.ActiveCfg = Debug|Any CPU
		{EE3413B1-48CB-4D47-A470-4DA7C8DFAC1F}.Debug|x86.Build.0 = Debug|Any CPU
		{EE3413B1-48CB-4D47-A470-4DA7C8DFAC1F}.Release|Any CPU.ActiveCfg = Release|Any CPU
		{EE3413B1-48CB-4D47-A470-4DA7C8DFAC1F}.Release|Any CPU.Build.0 = Release|Any CPU
		{EE3413B1-48CB-4D47-A470-4DA7C8DFAC1F}.Release|x64.ActiveCfg = Release|Any CPU
		{EE3413B1-48CB-4D47-A470-4DA7C8DFAC1F}.Release|x64.Build.0 = Release|Any CPU
		{EE3413B1-48CB-4D47-A470-4DA7C8DFAC1F}.Release|x86.ActiveCfg = Release|Any CPU
		{EE3413B1-48CB-4D47-A470-4DA7C8DFAC1F}.Release|x86.Build.0 = Release|Any CPU
		{BEB663AE-3606-4D94-AC74-2957B458E7D1}.Debug|Any CPU.ActiveCfg = Debug|Any CPU
		{BEB663AE-3606-4D94-AC74-2957B458E7D1}.Debug|Any CPU.Build.0 = Debug|Any CPU
		{BEB663AE-3606-4D94-AC74-2957B458E7D1}.Debug|x64.ActiveCfg = Debug|Any CPU
		{BEB663AE-3606-4D94-AC74-2957B458E7D1}.Debug|x64.Build.0 = Debug|Any CPU
		{BEB663AE-3606-4D94-AC74-2957B458E7D1}.Debug|x86.ActiveCfg = Debug|Any CPU
		{BEB663AE-3606-4D94-AC74-2957B458E7D1}.Debug|x86.Build.0 = Debug|Any CPU
		{BEB663AE-3606-4D94-AC74-2957B458E7D1}.Release|Any CPU.ActiveCfg = Release|Any CPU
		{BEB663AE-3606-4D94-AC74-2957B458E7D1}.Release|Any CPU.Build.0 = Release|Any CPU
		{BEB663AE-3606-4D94-AC74-2957B458E7D1}.Release|x64.ActiveCfg = Release|Any CPU
		{BEB663AE-3606-4D94-AC74-2957B458E7D1}.Release|x64.Build.0 = Release|Any CPU
		{BEB663AE-3606-4D94-AC74-2957B458E7D1}.Release|x86.ActiveCfg = Release|Any CPU
		{BEB663AE-3606-4D94-AC74-2957B458E7D1}.Release|x86.Build.0 = Release|Any CPU
		{5898E6B5-86C2-46E3-A03F-AB01B29CDE0D}.Debug|Any CPU.ActiveCfg = Debug|Any CPU
		{5898E6B5-86C2-46E3-A03F-AB01B29CDE0D}.Debug|Any CPU.Build.0 = Debug|Any CPU
		{5898E6B5-86C2-46E3-A03F-AB01B29CDE0D}.Debug|x64.ActiveCfg = Debug|Any CPU
		{5898E6B5-86C2-46E3-A03F-AB01B29CDE0D}.Debug|x64.Build.0 = Debug|Any CPU
		{5898E6B5-86C2-46E3-A03F-AB01B29CDE0D}.Debug|x86.ActiveCfg = Debug|Any CPU
		{5898E6B5-86C2-46E3-A03F-AB01B29CDE0D}.Debug|x86.Build.0 = Debug|Any CPU
		{5898E6B5-86C2-46E3-A03F-AB01B29CDE0D}.Release|Any CPU.ActiveCfg = Release|Any CPU
		{5898E6B5-86C2-46E3-A03F-AB01B29CDE0D}.Release|Any CPU.Build.0 = Release|Any CPU
		{5898E6B5-86C2-46E3-A03F-AB01B29CDE0D}.Release|x64.ActiveCfg = Release|Any CPU
		{5898E6B5-86C2-46E3-A03F-AB01B29CDE0D}.Release|x64.Build.0 = Release|Any CPU
		{5898E6B5-86C2-46E3-A03F-AB01B29CDE0D}.Release|x86.ActiveCfg = Release|Any CPU
		{5898E6B5-86C2-46E3-A03F-AB01B29CDE0D}.Release|x86.Build.0 = Release|Any CPU
		{CCC60988-C14B-4DAC-BB5E-0500EA85BBFF}.Debug|Any CPU.ActiveCfg = Debug|Any CPU
		{CCC60988-C14B-4DAC-BB5E-0500EA85BBFF}.Debug|Any CPU.Build.0 = Debug|Any CPU
		{CCC60988-C14B-4DAC-BB5E-0500EA85BBFF}.Debug|x64.ActiveCfg = Debug|Any CPU
		{CCC60988-C14B-4DAC-BB5E-0500EA85BBFF}.Debug|x64.Build.0 = Debug|Any CPU
		{CCC60988-C14B-4DAC-BB5E-0500EA85BBFF}.Debug|x86.ActiveCfg = Debug|Any CPU
		{CCC60988-C14B-4DAC-BB5E-0500EA85BBFF}.Debug|x86.Build.0 = Debug|Any CPU
		{CCC60988-C14B-4DAC-BB5E-0500EA85BBFF}.Release|Any CPU.ActiveCfg = Release|Any CPU
		{CCC60988-C14B-4DAC-BB5E-0500EA85BBFF}.Release|Any CPU.Build.0 = Release|Any CPU
		{CCC60988-C14B-4DAC-BB5E-0500EA85BBFF}.Release|x64.ActiveCfg = Release|Any CPU
		{CCC60988-C14B-4DAC-BB5E-0500EA85BBFF}.Release|x64.Build.0 = Release|Any CPU
		{CCC60988-C14B-4DAC-BB5E-0500EA85BBFF}.Release|x86.ActiveCfg = Release|Any CPU
		{CCC60988-C14B-4DAC-BB5E-0500EA85BBFF}.Release|x86.Build.0 = Release|Any CPU
	EndGlobalSection
	GlobalSection(SolutionProperties) = preSolution
		HideSolutionNode = FALSE
	EndGlobalSection
	GlobalSection(NestedProjects) = preSolution
		{10A3B118-AE3E-45FF-BAD5-7AE49B3C1263} = {96801465-6509-47B0-8117-6C4DFEAA876F}
		{20061480-DDBA-447B-9994-64281C477D58} = {96801465-6509-47B0-8117-6C4DFEAA876F}
		{32525904-36A1-4A37-AD73-95CDE5932C7B} = {96801465-6509-47B0-8117-6C4DFEAA876F}
		{F740992C-14EC-43AB-A02E-1AB78A932839} = {96801465-6509-47B0-8117-6C4DFEAA876F}
		{AC9F0D1A-AE6A-47B0-AF7A-0C20824CD0C8} = {96801465-6509-47B0-8117-6C4DFEAA876F}
		{6749ED63-837A-4D31-B22E-AFF972B901EC} = {96801465-6509-47B0-8117-6C4DFEAA876F}
		{4F665121-A7D9-4AF2-AF48-3C633BA285F6} = {96801465-6509-47B0-8117-6C4DFEAA876F}
		{DEFC0BF9-C284-4C47-8C54-CE017C8189EB} = {BAACCC35-846C-4DA1-8D2D-960F987D1EE6}
		{B1E16EFF-6A56-4831-A32E-CE3A3662CD84} = {BAACCC35-846C-4DA1-8D2D-960F987D1EE6}
		{EE3413B1-48CB-4D47-A470-4DA7C8DFAC1F} = {BAACCC35-846C-4DA1-8D2D-960F987D1EE6}
		{BEB663AE-3606-4D94-AC74-2957B458E7D1} = {BAACCC35-846C-4DA1-8D2D-960F987D1EE6}
		{5898E6B5-86C2-46E3-A03F-AB01B29CDE0D} = {96801465-6509-47B0-8117-6C4DFEAA876F}
		{CCC60988-C14B-4DAC-BB5E-0500EA85BBFF} = {96801465-6509-47B0-8117-6C4DFEAA876F}
	EndGlobalSection
EndGlobal
